{
  "version": "2",
  "remote": {},
  "npm": {
    "specifiers": {
      "vite": "vite@4.4.2"
    },
    "packages": {
      "@esbuild/android-arm64@0.18.11": {
        "integrity": "sha512-snieiq75Z1z5LJX9cduSAjUr7vEI1OdlzFPMw0HH5YI7qQHDd3qs+WZoMrWYDsfRJSq36lIA6mfZBkvL46KoIw==",
        "dependencies": {}
      },
      "@esbuild/android-arm@0.18.11": {
        "integrity": "sha512-q4qlUf5ucwbUJZXF5tEQ8LF7y0Nk4P58hOsGk3ucY0oCwgQqAnqXVbUuahCddVHfrxmpyewRpiTHwVHIETYu7Q==",
        "dependencies": {}
      },
      "@esbuild/android-x64@0.18.11": {
        "integrity": "sha512-iPuoxQEV34+hTF6FT7om+Qwziv1U519lEOvekXO9zaMMlT9+XneAhKL32DW3H7okrCOBQ44BMihE8dclbZtTuw==",
        "dependencies": {}
      },
      "@esbuild/darwin-arm64@0.18.11": {
        "integrity": "sha512-Gm0QkI3k402OpfMKyQEEMG0RuW2LQsSmI6OeO4El2ojJMoF5NLYb3qMIjvbG/lbMeLOGiW6ooU8xqc+S0fgz2w==",
        "dependencies": {}
      },
      "@esbuild/darwin-x64@0.18.11": {
        "integrity": "sha512-N15Vzy0YNHu6cfyDOjiyfJlRJCB/ngKOAvoBf1qybG3eOq0SL2Lutzz9N7DYUbb7Q23XtHPn6lMDF6uWbGv9Fw==",
        "dependencies": {}
      },
      "@esbuild/freebsd-arm64@0.18.11": {
        "integrity": "sha512-atEyuq6a3omEY5qAh5jIORWk8MzFnCpSTUruBgeyN9jZq1K/QI9uke0ATi3MHu4L8c59CnIi4+1jDKMuqmR71A==",
        "dependencies": {}
      },
      "@esbuild/freebsd-x64@0.18.11": {
        "integrity": "sha512-XtuPrEfBj/YYYnAAB7KcorzzpGTvOr/dTtXPGesRfmflqhA4LMF0Gh/n5+a9JBzPuJ+CGk17CA++Hmr1F/gI0Q==",
        "dependencies": {}
      },
      "@esbuild/linux-arm64@0.18.11": {
        "integrity": "sha512-c6Vh2WS9VFKxKZ2TvJdA7gdy0n6eSy+yunBvv4aqNCEhSWVor1TU43wNRp2YLO9Vng2G+W94aRz+ILDSwAiYog==",
        "dependencies": {}
      },
      "@esbuild/linux-arm@0.18.11": {
        "integrity": "sha512-Idipz+Taso/toi2ETugShXjQ3S59b6m62KmLHkJlSq/cBejixmIydqrtM2XTvNCywFl3VC7SreSf6NV0i6sRyg==",
        "dependencies": {}
      },
      "@esbuild/linux-ia32@0.18.11": {
        "integrity": "sha512-S3hkIF6KUqRh9n1Q0dSyYcWmcVa9Cg+mSoZEfFuzoYXXsk6196qndrM+ZiHNwpZKi3XOXpShZZ+9dfN5ykqjjw==",
        "dependencies": {}
      },
      "@esbuild/linux-loong64@0.18.11": {
        "integrity": "sha512-MRESANOoObQINBA+RMZW+Z0TJWpibtE7cPFnahzyQHDCA9X9LOmGh68MVimZlM9J8n5Ia8lU773te6O3ILW8kw==",
        "dependencies": {}
      },
      "@esbuild/linux-mips64el@0.18.11": {
        "integrity": "sha512-qVyPIZrXNMOLYegtD1u8EBccCrBVshxMrn5MkuFc3mEVsw7CCQHaqZ4jm9hbn4gWY95XFnb7i4SsT3eflxZsUg==",
        "dependencies": {}
      },
      "@esbuild/linux-ppc64@0.18.11": {
        "integrity": "sha512-T3yd8vJXfPirZaUOoA9D2ZjxZX4Gr3QuC3GztBJA6PklLotc/7sXTOuuRkhE9W/5JvJP/K9b99ayPNAD+R+4qQ==",
        "dependencies": {}
      },
      "@esbuild/linux-riscv64@0.18.11": {
        "integrity": "sha512-evUoRPWiwuFk++snjH9e2cAjF5VVSTj+Dnf+rkO/Q20tRqv+644279TZlPK8nUGunjPAtQRCj1jQkDAvL6rm2w==",
        "dependencies": {}
      },
      "@esbuild/linux-s390x@0.18.11": {
        "integrity": "sha512-/SlRJ15XR6i93gRWquRxYCfhTeC5PdqEapKoLbX63PLCmAkXZHY2uQm2l9bN0oPHBsOw2IswRZctMYS0MijFcg==",
        "dependencies": {}
      },
      "@esbuild/linux-x64@0.18.11": {
        "integrity": "sha512-xcncej+wF16WEmIwPtCHi0qmx1FweBqgsRtEL1mSHLFR6/mb3GEZfLQnx+pUDfRDEM4DQF8dpXIW7eDOZl1IbA==",
        "dependencies": {}
      },
      "@esbuild/netbsd-x64@0.18.11": {
        "integrity": "sha512-aSjMHj/F7BuS1CptSXNg6S3M4F3bLp5wfFPIJM+Km2NfIVfFKhdmfHF9frhiCLIGVzDziggqWll0B+9AUbud/Q==",
        "dependencies": {}
      },
      "@esbuild/openbsd-x64@0.18.11": {
        "integrity": "sha512-tNBq+6XIBZtht0xJGv7IBB5XaSyvYPCm1PxJ33zLQONdZoLVM0bgGqUrXnJyiEguD9LU4AHiu+GCXy/Hm9LsdQ==",
        "dependencies": {}
      },
      "@esbuild/sunos-x64@0.18.11": {
        "integrity": "sha512-kxfbDOrH4dHuAAOhr7D7EqaYf+W45LsAOOhAet99EyuxxQmjbk8M9N4ezHcEiCYPaiW8Dj3K26Z2V17Gt6p3ng==",
        "dependencies": {}
      },
      "@esbuild/win32-arm64@0.18.11": {
        "integrity": "sha512-Sh0dDRyk1Xi348idbal7lZyfSkjhJsdFeuC13zqdipsvMetlGiFQNdO+Yfp6f6B4FbyQm7qsk16yaZk25LChzg==",
        "dependencies": {}
      },
      "@esbuild/win32-ia32@0.18.11": {
        "integrity": "sha512-o9JUIKF1j0rqJTFbIoF4bXj6rvrTZYOrfRcGyL0Vm5uJ/j5CkBD/51tpdxe9lXEDouhRgdr/BYzUrDOvrWwJpg==",
        "dependencies": {}
      },
      "@esbuild/win32-x64@0.18.11": {
        "integrity": "sha512-rQI4cjLHd2hGsM1LqgDI7oOCYbQ6IBOVsX9ejuRMSze0GqXUG2ekwiKkiBU1pRGSeCqFFHxTrcEydB2Hyoz9CA==",
        "dependencies": {}
      },
      "esbuild@0.18.11": {
        "integrity": "sha512-i8u6mQF0JKJUlGR3OdFLKldJQMMs8OqM9Cc3UCi9XXziJ9WERM5bfkHaEAy0YAvPRMgqSW55W7xYn84XtEFTtA==",
        "dependencies": {
          "@esbuild/android-arm": "@esbuild/android-arm@0.18.11",
          "@esbuild/android-arm64": "@esbuild/android-arm64@0.18.11",
          "@esbuild/android-x64": "@esbuild/android-x64@0.18.11",
          "@esbuild/darwin-arm64": "@esbuild/darwin-arm64@0.18.11",
          "@esbuild/darwin-x64": "@esbuild/darwin-x64@0.18.11",
          "@esbuild/freebsd-arm64": "@esbuild/freebsd-arm64@0.18.11",
          "@esbuild/freebsd-x64": "@esbuild/freebsd-x64@0.18.11",
          "@esbuild/linux-arm": "@esbuild/linux-arm@0.18.11",
          "@esbuild/linux-arm64": "@esbuild/linux-arm64@0.18.11",
          "@esbuild/linux-ia32": "@esbuild/linux-ia32@0.18.11",
          "@esbuild/linux-loong64": "@esbuild/linux-loong64@0.18.11",
          "@esbuild/linux-mips64el": "@esbuild/linux-mips64el@0.18.11",
          "@esbuild/linux-ppc64": "@esbuild/linux-ppc64@0.18.11",
          "@esbuild/linux-riscv64": "@esbuild/linux-riscv64@0.18.11",
          "@esbuild/linux-s390x": "@esbuild/linux-s390x@0.18.11",
          "@esbuild/linux-x64": "@esbuild/linux-x64@0.18.11",
          "@esbuild/netbsd-x64": "@esbuild/netbsd-x64@0.18.11",
          "@esbuild/openbsd-x64": "@esbuild/openbsd-x64@0.18.11",
          "@esbuild/sunos-x64": "@esbuild/sunos-x64@0.18.11",
          "@esbuild/win32-arm64": "@esbuild/win32-arm64@0.18.11",
          "@esbuild/win32-ia32": "@esbuild/win32-ia32@0.18.11",
          "@esbuild/win32-x64": "@esbuild/win32-x64@0.18.11"
        }
      },
      "fsevents@2.3.2": {
        "integrity": "sha512-xiqMQR4xAeHTuB9uWm+fFRcIOgKBMiOBP+eXiyT7jsgVCq1bkVygt00oASowB7EdtpOHaaPgKt812P9ab+DDKA==",
        "dependencies": {}
      },
      "nanoid@3.3.6": {
        "integrity": "sha512-BGcqMMJuToF7i1rt+2PWSNVnWIkGCU78jBG3RxO/bZlnZPK2Cmi2QaffxGO/2RvWi9sL+FAiRiXMgsyxQ1DIDA==",
        "dependencies": {}
      },
      "picocolors@1.0.0": {
        "integrity": "sha512-1fygroTLlHu66zi26VoTDv8yRgm0Fccecssto+MhsZ0D/DGW2sm8E8AjW7NU5VVTRt5GxbeZ5qBuJr+HyLYkjQ==",
        "dependencies": {}
      },
      "postcss@8.4.25": {
        "integrity": "sha512-7taJ/8t2av0Z+sQEvNzCkpDynl0tX3uJMCODi6nT3PfASC7dYCWV9aQ+uiCf+KBD4SEFcu+GvJdGdwzQ6OSjCw==",
        "dependencies": {
          "nanoid": "nanoid@3.3.6",
          "picocolors": "picocolors@1.0.0",
          "source-map-js": "source-map-js@1.0.2"
        }
      },
      "rollup@3.26.2": {
        "integrity": "sha512-6umBIGVz93er97pMgQO08LuH3m6PUb3jlDUUGFsNJB6VgTCUaDFpupf5JfU30529m/UKOgmiX+uY6Sx8cOYpLA==",
        "dependencies": {
          "fsevents": "fsevents@2.3.2"
        }
      },
      "source-map-js@1.0.2": {
        "integrity": "sha512-R0XvVJ9WusLiqTCEiGCmICCMplcCkIwwR11mOSD9CR5u+IXYdiseeEuXCVAjS54zqwkLcPNnmU4OeJ6tUrWhDw==",
        "dependencies": {}
      },
      "vite@4.4.2": {
        "integrity": "sha512-zUcsJN+UvdSyHhYa277UHhiJ3iq4hUBwHavOpsNUGsTgjBeoBlK8eDt+iT09pBq0h9/knhG/SPrZiM7cGmg7NA==",
        "dependencies": {
          "esbuild": "esbuild@0.18.11",
          "fsevents": "fsevents@2.3.2",
          "postcss": "postcss@8.4.25",
          "rollup": "rollup@3.26.2"
        }
      }
    }
  }
}
